<?xml version="1.0" encoding="utf-8"?>
<Project ToolsVersion="4.0" xmlns="http://schemas.microsoft.com/developer/msbuild/2003">
  <ItemGroup>
    <Filter Include="Source Files">
      <UniqueIdentifier>{4FC737F1-C7A5-4376-A066-2A32D752A2FF}</UniqueIdentifier>
      <Extensions>cpp;c;cc;cxx;c++;cppm;ixx;def;odl;idl;hpj;bat;asm;asmx</Extensions>
    </Filter>
    <Filter Include="Header Files">
      <UniqueIdentifier>{93995380-89BD-4b04-88EB-625FBE52EBFB}</UniqueIdentifier>
      <Extensions>h;hh;hpp;hxx;h++;hm;inl;inc;ipp;xsd</Extensions>
    </Filter>
    <Filter Include="Resource Files">
      <UniqueIdentifier>{67DA6AB6-F800-4c08-8B7A-83BB121AAD01}</UniqueIdentifier>
      <Extensions>rc;ico;cur;bmp;dlg;rc2;rct;bin;rgs;gif;jpg;jpeg;jpe;resx;tiff;tif;png;wav;mfcribbon-ms</Extensions>
    </Filter>
    <Filter Include="Header Files\cvision">
      <UniqueIdentifier>{d0dfb92a-cb09-429d-99c9-8128ce74b2fd}</UniqueIdentifier>
    </Filter>
    <Filter Include="Source Files\cvision">
      <UniqueIdentifier>{afe97c45-f16f-4d61-b61c-8aab953574e9}</UniqueIdentifier>
    </Filter>
    <Filter Include="Header Files\tensorflow">
      <UniqueIdentifier>{17f25935-f25f-4980-8b7c-ac1c7d6139de}</UniqueIdentifier>
    </Filter>
    <Filter Include="Source Files\tensorflow">
      <UniqueIdentifier>{9c718e85-0d19-4434-85b6-e4892e5c1ae3}</UniqueIdentifier>
    </Filter>
  </ItemGroup>
  <ItemGroup>
    <ClCompile Include="CarDetector.cpp">
      <Filter>Source Files</Filter>
    </ClCompile>
    <ClCompile Include="cvision\Camera.cpp">
      <Filter>Source Files\cvision</Filter>
    </ClCompile>
    <ClCompile Include="cvision\CarDetect.cpp">
      <Filter>Source Files\cvision</Filter>
    </ClCompile>
    <ClCompile Include="cvision\ImageProcessor.cpp">
      <Filter>Source Files\cvision</Filter>
    </ClCompile>
    <ClCompile Include="cvision\ImageRender.cpp">
      <Filter>Source Files\cvision</Filter>
    </ClCompile>
    <ClCompile Include="cvision\MovingObject.cpp">
      <Filter>Source Files\cvision</Filter>
    </ClCompile>
    <ClCompile Include="cvision\MovingObjectGroup.cpp">
      <Filter>Source Files\cvision</Filter>
    </ClCompile>
    <ClCompile Include="cvision\ObjectTracker.cpp">
      <Filter>Source Files\cvision</Filter>
    </ClCompile>
    <ClCompile Include="cvision\Utils.cpp">
      <Filter>Source Files\cvision</Filter>
    </ClCompile>
    <ClCompile Include="tensorflow\TensorflowClient.cpp">
      <Filter>Source Files\tensorflow</Filter>
    </ClCompile>
  </ItemGroup>
  <ItemGroup>
    <ClInclude Include="cvision\Utils.hpp">
      <Filter>Header Files\cvision</Filter>
    </ClInclude>
    <ClInclude Include="cvision\ObjectTracker.hpp">
      <Filter>Header Files\cvision</Filter>
    </ClInclude>
    <ClInclude Include="cvision\MovingObjectGroup.hpp">
      <Filter>Header Files\cvision</Filter>
    </ClInclude>
    <ClInclude Include="cvision\MovingObject.hpp">
      <Filter>Header Files\cvision</Filter>
    </ClInclude>
    <ClInclude Include="cvision\ImageRender.hpp">
      <Filter>Header Files\cvision</Filter>
    </ClInclude>
    <ClInclude Include="cvision\ImageProcessor.hpp">
      <Filter>Header Files\cvision</Filter>
    </ClInclude>
    <ClInclude Include="cvision\CarDetect.hpp">
      <Filter>Header Files\cvision</Filter>
    </ClInclude>
    <ClInclude Include="cvision\Camera.hpp">
      <Filter>Header Files\cvision</Filter>
    </ClInclude>
    <ClInclude Include="tensorflow\TensorflowClient.hpp">
      <Filter>Header Files\tensorflow</Filter>
    </ClInclude>
  </ItemGroup>
</Project>